version = 1
revision = 3
requires-python = ">=3.14"

[[package]]
name = "reorderservice"
version = "0.1.0"
source = { editable = "." }
dependencies = [
    { name = "grpcio" },
    { name = "grpcio-tools" },
    { name = "python-json-logger" },
]

[package.metadata]
requires-dist = [
    { name = "grpcio", specifier = ">=1.83.1" },
    { name = "grpcio-tools", specifier = ">=1.83.1" },
    { name = "python-json-logger", specifier = ">=4.2.0" },
]

[[package]]
name = "grpcio"
version = "1.83.1"
source = { registry = "https://pypi.org/simple" }
dependencies = [
    { name = "typing-extensions" },
]
sdist = { url = "https://files.pythonhosted.org/packages/e2/b1/46539f5050d7c316a13396d185451f95084a74ddc68b12d818595bef0377/grpcio-1.83.1.tar.gz", hash = "sha256:9cee6fcbf2eb57c4b49451787bfa87be8efc1ca02a0b327dd4b54d44502e362b", size = 13445033, upload-time = "2026-08-28T07:09:11.464Z" }
wheels = [
    { url = "https://files.pythonhosted.org/packages/42/9c/484d981d8b90c4e6abf3030bd2ed747e84d1eb192b3ec9cbb41e0b73e4bf/grpcio-1.83.1-cp314-cp314-linux_armv7l.whl", hash = "sha256:8b3c87ca908296bf125f841d3e1a2225a2b39aaa8ed7a57e7ccde465ee519bab", size = 6306089, upload-time = "2026-08-28T07:08:48.379Z" },
    { url = "https://files.pythonhosted.org/packages/84/01/0afec1c92e4f292f74a44ecf75eabbf40903125b8c4df103c9868d6338da/grpcio-1.83.1-cp314-cp314-macosx_11_0_universal2.whl", hash = "sha256:c0f3f20c90e72a171917ae65706500b096a1c3eb5f162c3ce702a2e25635f132", size = 12170381, upload-time = "2026-08-28T07:08:50.653Z" },
    { url = "https://files.pythonhosted.org/packages/c7/5a/e9a2383804433a0a61d6d93777ad321c7f36ac1cfdaa4c6d1a7c9ac846b7/grpcio-1.83.1-cp314-cp314-manylinux2014_aarch64.manylinux_2_17_aarch64.whl", hash = "sha256:81bbf35a46bf8cad2dfbb2eccc19c711befb58b288acb534bbcd0d74283202a6", size = 6883286, upload-time = "2026-08-28T07:08:53.654Z" },
    { url = "https://files.pythonhosted.org/packages/63/e7/f8ca8f76994e14c70b9a0052e82f10de497a23db450c36379c9716ebfc4d/grpcio-1.83.1-cp314-cp314-manylinux2014_i686.manylinux_2_17_i686.whl", hash = "sha256:215cec07d11176507387bda4bf2751816e880f9bff8dc1ca524bfbb8ed8f2fad", size = 7624293, upload-time = "2026-08-28T07:08:55.709Z" },
    { url = "https://files.pythonhosted.org/packages/bb/7a/4b672814b0cd0fe63bdd735379d88b165759f3144ab023ad8ec5fc4d53ac/grpcio-1.83.1-cp314-cp314-manylinux2014_x86_64.manylinux_2_17_x86_64.whl", hash = "sha256:abce7d43ec29cd39230fa8339de1a07643b55adc412a454850fbd875349950ff", size = 7044346, upload-time = "2026-08-28T07:08:57.802Z" },
    { url = "https://files.pythonhosted.org/packages/50/b8/d89fe60e4239ad51be333dd9cc703741d449a35064e51f8a0b5bfa755432/grpcio-1.83.1-cp314-cp314-musllinux_1_2_aarch64.whl", hash = "sha256:e256f95a40e3b0183a98556fb7164d24b97eeb353123ccabfcba94712b35ee2a", size = 7584187, upload-time = "2026-08-28T07:08:59.867Z" },
    { url = "https://files.pythonhosted.org/packages/dc/b2/b290d7402633d9166e4dd47e6f5f74a24ce10a8340b84455896ebc349f85/grpcio-1.83.1-cp314-cp314-musllinux_1_2_i686.whl", hash = "sha256:2110059146fb0ea216e1ffddb29377b5cc2fd412a5b0a92e102616bd5edf18c2", size = 8608730, upload-time = "2026-08-28T07:09:02.592Z" },
    { url = "https://files.pythonhosted.org/packages/f5/44/fa89e44d1b5cf5b9fa71b2fd7abf506f182fd43917231a92fbf1ea326b02/grpcio-1.83.1-cp314-cp314-musllinux_1_2_x86_64.whl", hash = "sha256:20d944d967843f8183f9f23d5916388362e5f8eeeae855bbe4354d906dc9f31b", size = 7983283, upload-time = "2026-08-28T07:09:05.087Z" },
    { url = "https://files.pythonhosted.org/packages/ce/b8/9db73ed1f35ffa76124ac574bf296d06a359798dfd6b50d382f2b8a060a1/grpcio-1.83.1-cp314-cp314-win32.whl", hash = "sha256:623c87c6d4a1cb30d82c4e896f95477050f2e01b4a1f8cf91ff2b1abdf89c457", size = 4474327, upload-time = "2026-08-28T07:09:07.179Z" },
    { url = "https://files.pythonhosted.org/packages/65/22/fc9a622d885a7a37ff972a12faaef443d74e47407181da70d0ab62ab41f0/grpcio-1.83.1-cp314-cp314-win_amd64.whl", hash = "sha256:47e6934ad38779271e2e7cc5f78a63a407cf3d98114c65c1fdbcd3f5a716f29b", size = 5302032, upload-time = "2026-08-28T07:09:09.285Z" },
]

[[package]]
name = "grpcio-tools"
version = "1.83.1"
source = { registry = "https://pypi.org/simple" }
dependencies = [
    { name = "grpcio" },
    { name = "protobuf" },
    { name = "setuptools" },
]
sdist = { url = "https://files.pythonhosted.org/packages/8b/79/8b4131bcb94f09c2cac4919e627f20c09ba9b22320a307697d72b1f881d4/grpcio_tools-1.83.1.tar.gz", hash = "sha256:a8148eece396f8a349097958bc00f14882003331f3b7c2ae8079c1c632d17d6f", size = 6399877, upload-time = "2026-08-28T07:10:56.19Z" }
wheels = [
    { url = "https://files.pythonhosted.org/packages/34/2b/4e8f3bff52b933c52c853e3a51db8d5e87c71fc0ec3903ef9e432b25e4c5/grpcio_tools-1.83.1-cp314-cp314-linux_armv7l.whl", hash = "sha256:f54955b95b17e83f8075303a31fa8f1aa64ad22d6f046e0070e9973918327202", size = 2652838, upload-time = "2026-08-28T07:10:35.035Z" },
    { url = "https://files.pythonhosted.org/packages/91/01/f5b3648285126a741a1a60108971c25acb0532af8fd2ffb29990747ff8d8/grpcio_tools-1.83.1-cp314-cp314-macosx_11_0_universal2.whl", hash = "sha256:0f4c3d39546b0e6add25affd096170347c10437d78189fe2d0a026f7cbc5cb57", size = 5963473, upload-time = "2026-08-28T07:10:37.213Z" },
    { url = "https://files.pythonhosted.org/packages/65/1d/95fc82961423365edc3ac6f98bc12ac96429bfbc5c43ede9ff40354aa273/grpcio_tools-1.83.1-cp314-cp314-manylinux2014_aarch64.manylinux_2_17_aarch64.whl", hash = "sha256:34c8bbfe6e1ed19524010351a27c0d43e185b3d542cf4ab83ad9774d4c9000e1", size = 2705302, upload-time = "2026-08-28T07:10:39.166Z" },
    { url = "https://files.pythonhosted.org/packages/e4/c5/82e29f48fcb5cf77b78c427ccaf5808b1b276cadd42955ceec960ec8daff/grpcio_tools-1.83.1-cp314-cp314-manylinux2014_i686.manylinux_2_17_i686.whl", hash = "sha256:004bef39f47db3ed93caf58175ad3d3800f53d16a04b493166be945a0b575df3", size = 3033047, upload-time = "2026-08-28T07:10:41.492Z" },
    { url = "https://files.pythonhosted.org/packages/89/38/f17b2902166320912fff7ecb4227a69ddf8edb544702045c3aba3076de0a/grpcio_tools-1.83.1-cp314-cp314-manylinux2014_x86_64.manylinux_2_17_x86_64.whl", hash = "sha256:41a4ce8c2cddb38b50d5befe4f40b124f77d68021e2e47f80142f6138d802d8f", size = 2773829, upload-time = "2026-08-28T07:10:43.367Z" },
    { url = "https://files.pythonhosted.org/packages/df/c5/974b54afc6ea3d7d8b51671d0c64effd9a92691a887e9bbf62c8b6213f03/grpcio_tools-1.83.1-cp314-cp314-musllinux_1_2_aarch64.whl", hash = "sha256:b52cc836922456d56f25ff63b277410a6d9ad682863f064c1f735a19328432a3", size = 3229905, upload-time = "2026-08-28T07:10:45.758Z" },
    { url = "https://files.pythonhosted.org/packages/8a/87/e9d5ff123ff80d0a7d502e9d2452305812d904e17afb88b3b23d892f3334/grpcio_tools-1.83.1-cp314-cp314-musllinux_1_2_i686.whl", hash = "sha256:b73afd4303f2b026f8d8f3d7f07f5f22a2f2c3ecb05758af30205db0b16539b9", size = 3802600, upload-time = "2026-08-28T07:10:47.977Z" },
    { url = "https://files.pythonhosted.org/packages/4f/2f/66d8cdc5a81f9723f2b7b2f32d29a757b3bd2eac2116746014626feb83d6/grpcio_tools-1.83.1-cp314-cp314-musllinux_1_2_x86_64.whl", hash = "sha256:df9a2b346b98ec28d5666b43d2c00bb533976faa13f3fab2897890b3703a968a", size = 3461303, upload-time = "2026-08-28T07:10:50.178Z" },
    { url = "https://files.pythonhosted.org/packages/dd/f3/3989a42f1dcc1a1c59f06f5e4fbf48bc50a53a6cc5083c0b6a7aef4c1929/grpcio_tools-1.83.1-cp314-cp314-win32.whl", hash = "sha256:a8cafccbe4b83bcc297920796ae5a784c700c9fbef01705397007bcb4652e070", size = 1045048, upload-time = "2026-08-28T07:10:52.123Z" },
    { url = "https://files.pythonhosted.org/packages/11/bf/be8370e2c3f0108aaae33bd609c359d593648959cc9efe69e6b59ec88a41/grpcio_tools-1.83.1-cp314-cp314-win_amd64.whl", hash = "sha256:9a40b779ec4bbd042279957cd1d0f42d4cbe333878d3d59ceeebe1cf3148528a", size = 1224200, upload-time = "2026-08-28T07:10:54.085Z" },
]

[[package]]
name = "protobuf"
version = "7.36.0"
source = { registry = "https://pypi.org/simple" }
sdist = { url = "https://files.pythonhosted.org/packages/a7/e7/0553e21d25ca4d9f573135775348a372c3ec34a93a71d5f297c3bac38341/protobuf-7.36.0.tar.gz", hash = "sha256:e8e09cb0d794c6687926fa558a8a6e72aa10edb997d5ca61da0765f12a3e00ea", size = 510034, upload-time = "2026-08-20T16:34:01.071Z" }
wheels = [
    { url = "https://files.pythonhosted.org/packages/8f/ae/58e3ca96cb2e118cc546b677359b3c6659f79a140935c08dec94c7998585/protobuf-7.36.0-cp310-abi3-macosx_10_9_universal2.whl", hash = "sha256:9103532dffd80c6fab7e50c65a31007680a06eb57537d437bb1b35812c138a37", size = 453256, upload-time = "2026-08-20T16:33:53.945Z" },
    { url = "https://files.pythonhosted.org/packages/f0/15/5162230af4912697f0fe406f6800f80760945babcff0e2c2fe6c84ef2d5d/protobuf-7.36.0-cp310-abi3-manylinux2014_aarch64.whl", hash = "sha256:bf94a5917c71058262de683669bc0a797a7669d3de71f0b36d058e3194f47b44", size = 341436, upload-time = "2026-08-20T16:33:55.134Z" },
    { url = "https://files.pythonhosted.org/packages/d7/09/1670b2bfc9a45e807e520c3e9be36524db9ccc7dc05ea17af7681cabdc61/protobuf-7.36.0-cp310-abi3-manylinux2014_s390x.whl", hash = "sha256:3297e60abdff301e5f74393d87f6cc59dacab5f024a89548a6e8de1d26576b16", size = 354440, upload-time = "2026-08-20T16:33:56.077Z" },
    { url = "https://files.pythonhosted.org/packages/c7/f8/bd5804695ba400e423c33fd4d9f58c28d86633d5ba1945c36ff3967d98cb/protobuf-7.36.0-cp310-abi3-manylinux2014_x86_64.whl", hash = "sha256:70f5ec8eb0da81a44360c0dc0beac99a0d78071d21956a7076bae8bd2051841b", size = 340439, upload-time = "2026-08-20T16:33:56.992Z" },
    { url = "https://files.pythonhosted.org/packages/ef/9f/acd02338235a3e7d03168c4303478347b7624fc8189ff4e7f0d2654bbe86/protobuf-7.36.0-cp310-abi3-win32.whl", hash = "sha256:7326fd717bdc419162a735938d89d4032332bcc3408804012b24ff3a37086071", size = 440216, upload-time = "2026-08-20T16:33:57.99Z" },
    { url = "https://files.pythonhosted.org/packages/0e/4e/12cb93270967a2affff5b3f720694700d4d87712a67afd05c8cb3f6fa52c/protobuf-7.36.0-cp310-abi3-win_amd64.whl", hash = "sha256:1781cc1de61249b750848029bca452c0a8b7e990080316b9bbc2518b2117b488", size = 453731, upload-time = "2026-08-20T16:33:58.951Z" },
    { url = "https://files.pythonhosted.org/packages/01/c3/629999e78d46c1115c11886d51c6bd68c17ce4a944f1ea3e153a91316a33/protobuf-7.36.0-py3-none-any.whl", hash = "sha256:53374d53fc29a67f7dbbf0ade47d7526a0f0137bf0f9c90e48d8a60790ef748c", size = 177024, upload-time = "2026-08-20T16:34:00.053Z" },
]

[[package]]
name = "python-json-logger"
version = "4.2.0"
source = { registry = "https://pypi.org/simple" }
sdist = { url = "https://files.pythonhosted.org/packages/21/25/5473e46b179f8e8b4ad3aeeb36773d1701b7770eaf5e5bc2025c7303b598/python_json_logger-4.2.0.tar.gz", hash = "sha256:e371ebe22ec01e289850102091a2b1f6fc9e655c7f1f5f29073936756c290afa", size = 18211, upload-time = "2026-08-15T11:36:38.232Z" }
wheels = [
    { url = "https://files.pythonhosted.org/packages/dc/55/6467fde553886cb293e41538f3a8b4e4fd4688c6df242cf982162d8367fb/python_json_logger-4.2.0-py3-none-any.whl", hash = "sha256:158a52126fcd6869e09574d2b66272666f3dc8f468c62637ef9a1fa883719cb9", size = 14988, upload-time = "2026-08-15T11:36:36.821Z" },
]

[[package]]
name = "setuptools"
version = "84.0.0"
source = { registry = "https://pypi.org/simple" }
sdist = { url = "https://files.pythonhosted.org/packages/6d/44/f5da03a8ef95d369145c5bb53050e7877c9f3d312e128605fd9504829143/setuptools-84.0.0.tar.gz", hash = "sha256:f4695c21257f0d9b537ec2692c941d02ee143b7cc1276941349a546573b2ef73", size = 1168449, upload-time = "2026-08-08T18:27:58.365Z" }
wheels = [
    { url = "https://files.pythonhosted.org/packages/95/9c/c510029fc6ef33a6275cd2c5d3cecd6613dfd6aa401d57c54f1c18852ccf/setuptools-84.0.0-py3-none-any.whl", hash = "sha256:51a52592b3b99e102b609654876bd65f19f999935166d1352678931132b0c670", size = 818216, upload-time = "2026-08-08T18:27:56.719Z" },
]

[[package]]
name = "typing-extensions"
version = "4.16.0"
source = { registry = "https://pypi.org/simple" }
sdist = { url = "https://files.pythonhosted.org/packages/f6/cc/6253133b5bb138fc3306cebfbda2c520f545d36b5be2c7255cc528bb45d6/typing_extensions-4.16.0.tar.gz", hash = "sha256:dc983d19a509c94dba722ee6abd33940f7c05a89e243c47e907eb4db6f1a43e5", size = 113555, upload-time = "2026-07-02T08:40:05.92Z" }
wheels = [
    { url = "https://files.pythonhosted.org/packages/49/d3/b8441a820a491ddfc024b0b0cf0393375b75ea13866d9c66727e54c2fc80/typing_extensions-4.16.0-py3-none-any.whl", hash = "sha256:481caa481374e813c1b176ada14e97f1f67a4539ce9cfeb3f350d78d6370c2e8", size = 45571, upload-time = "2026-07-02T08:40:04.659Z" },
]
